
Microsoft Visual Studio Solution File, Format Version 12.00
Project("{FAE04EC0-301F-11D3-BF4B-00C04F79EFBC}") = "SynapseHealth", "SynapseHealth\SynapseHealth.csproj", "{C28BDA9C-8920-4422-B6BD-70B1B5E54E76}"
EndProject
Project("{FAE04EC0-301F-11D3-BF4B-00C04F79EFBC}") = "SynapseHealth.Core", "SynapseHealth.Core\SynapseHealth.Core.csproj", "{BF08B057-5A51-4290-B4E9-38D9964B659C}"
EndProject
Project("{FAE04EC0-301F-11D3-BF4B-00C04F79EFBC}") = "SynapseHealth.Tests", "SynapseHealth.Tests\SynapseHealth.Tests.csproj", "{2D377042-9F77-4F8B-BA0C-02A96A99CC9C}"
EndProject
Global
	GlobalSection(SolutionConfigurationPlatforms) = preSolution
		Debug|Any CPU = Debug|Any CPU
		Release|Any CPU = Release|Any CPU
	EndGlobalSection
	GlobalSection(ProjectConfigurationPlatforms) = postSolution
		{C28BDA9C-8920-4422-B6BD-70B1B5E54E76}.Debug|Any CPU.ActiveCfg = Debug|Any CPU
		{C28BDA9C-8920-4422-B6BD-70B1B5E54E76}.Debug|Any CPU.Build.0 = Debug|Any CPU
		{C28BDA9C-8920-4422-B6BD-70B1B5E54E76}.Release|Any CPU.ActiveCfg = Release|Any CPU
		{C28BDA9C-8920-4422-B6BD-70B1B5E54E76}.Release|Any CPU.Build.0 = Release|Any CPU
		{BF08B057-5A51-4290-B4E9-38D9964B659C}.Debug|Any CPU.ActiveCfg = Debug|Any CPU
		{BF08B057-5A51-4290-B4E9-38D9964B659C}.Debug|Any CPU.Build.0 = Debug|Any CPU
		{BF08B057-5A51-4290-B4E9-38D9964B659C}.Release|Any CPU.ActiveCfg = Release|Any CPU
		{BF08B057-5A51-4290-B4E9-38D9964B659C}.Release|Any CPU.Build.0 = Release|Any CPU
		{2D377042-9F77-4F8B-BA0C-02A96A99CC9C}.Debug|Any CPU.ActiveCfg = Debug|Any CPU
		{2D377042-9F77-4F8B-BA0C-02A96A99CC9C}.Debug|Any CPU.Build.0 = Debug|Any CPU
		{2D377042-9F77-4F8B-BA0C-02A96A99CC9C}.Release|Any CPU.ActiveCfg = Release|Any CPU
		{2D377042-9F77-4F8B-BA0C-02A96A99CC9C}.Release|Any CPU.Build.0 = Release|Any CPU
	EndGlobalSection
EndGlobal
